
Microsoft Visual Studio Solution File, Format Version 12.00
# Visual Studio 15
VisualStudioVersion = 15.0.28010.2019
MinimumVisualStudioVersion = 10.0.40219.1
Project("{FAE04EC0-301F-11D3-BF4B-00C04F79EFBC}") = "Lab13_OOP", "Lab13_OOP\Lab13_OOP.csproj", "{39388C67-3C4A-448C-82FC-4E1DB9FF10A3}"
EndProject
Global
	GlobalSection(SolutionConfigurationPlatforms) = preSolution
		Debug|Any CPU = Debug|Any CPU
		Release|Any CPU = Release|Any CPU
	EndGlobalSection
	GlobalSection(ProjectConfigurationPlatforms) = postSolution
		{39388C67-3C4A-448C-82FC-4E1DB9FF10A3}.Debug|Any CPU.ActiveCfg = Debug|Any CPU
		{39388C67-3C4A-448C-82FC-4E1DB9FF10A3}.Debug|Any CPU.Build.0 = Debug|Any CPU
		{39388C67-3C4A-448C-82FC-4E1DB9FF10A3}.Release|Any CPU.ActiveCfg = Release|Any CPU
		{39388C67-3C4A-448C-82FC-4E1DB9FF10A3}.Release|Any CPU.Build.0 = Release|Any CPU
	EndGlobalSection
	GlobalSection(SolutionProperties) = preSolution
		HideSolutionNode = FALSE
	EndGlobalSection
	GlobalSection(ExtensibilityGlobals) = postSolution
		SolutionGuid = {E8BDB219-075E-4490-A236-85540E388CC2}
	EndGlobalSection
EndGlobal
