
Microsoft Visual Studio Solution File, Format Version 12.00
# Visual Studio 15
VisualStudioVersion = 15.0.28010.2019
MinimumVisualStudioVersion = 10.0.40219.1
Project("{FAE04EC0-301F-11D3-BF4B-00C04F79EFBC}") = "Lab16_OOP", "Lab16_OOP\Lab16_OOP.csproj", "{EDB924C6-7BEE-4030-B40A-7B3052122417}"
EndProject
Global
	GlobalSection(SolutionConfigurationPlatforms) = preSolution
		Debug|Any CPU = Debug|Any CPU
		Release|Any CPU = Release|Any CPU
	EndGlobalSection
	GlobalSection(ProjectConfigurationPlatforms) = postSolution
		{EDB924C6-7BEE-4030-B40A-7B3052122417}.Debug|Any CPU.ActiveCfg = Debug|Any CPU
		{EDB924C6-7BEE-4030-B40A-7B3052122417}.Debug|Any CPU.Build.0 = Debug|Any CPU
		{EDB924C6-7BEE-4030-B40A-7B3052122417}.Release|Any CPU.ActiveCfg = Release|Any CPU
		{EDB924C6-7BEE-4030-B40A-7B3052122417}.Release|Any CPU.Build.0 = Release|Any CPU
	EndGlobalSection
	GlobalSection(SolutionProperties) = preSolution
		HideSolutionNode = FALSE
	EndGlobalSection
	GlobalSection(ExtensibilityGlobals) = postSolution
		SolutionGuid = {E5D779BE-5850-4354-B725-BECA10A101A5}
	EndGlobalSection
EndGlobal
