
Microsoft Visual Studio Solution File, Format Version 12.00
# Visual Studio 15
VisualStudioVersion = 15.0.28010.2019
MinimumVisualStudioVersion = 10.0.40219.1
Project("{FAE04EC0-301F-11D3-BF4B-00C04F79EFBC}") = "Lab4", "Lab4\Lab4.csproj", "{0BA82CE0-5740-4FE2-828B-5F99DE362B3C}"
EndProject
Global
	GlobalSection(SolutionConfigurationPlatforms) = preSolution
		Debug|Any CPU = Debug|Any CPU
		Release|Any CPU = Release|Any CPU
	EndGlobalSection
	GlobalSection(ProjectConfigurationPlatforms) = postSolution
		{0BA82CE0-5740-4FE2-828B-5F99DE362B3C}.Debug|Any CPU.ActiveCfg = Debug|Any CPU
		{0BA82CE0-5740-4FE2-828B-5F99DE362B3C}.Debug|Any CPU.Build.0 = Debug|Any CPU
		{0BA82CE0-5740-4FE2-828B-5F99DE362B3C}.Release|Any CPU.ActiveCfg = Release|Any CPU
		{0BA82CE0-5740-4FE2-828B-5F99DE362B3C}.Release|Any CPU.Build.0 = Release|Any CPU
	EndGlobalSection
	GlobalSection(SolutionProperties) = preSolution
		HideSolutionNode = FALSE
	EndGlobalSection
	GlobalSection(ExtensibilityGlobals) = postSolution
		SolutionGuid = {FC168B00-822B-478F-942F-14DBAD38437D}
	EndGlobalSection
EndGlobal
